// !$*UTF8*$!
{
	archiveVersion = 1;
	classes = {
	};
	objectVersion = 50;
	objects = {

/* Begin PBXBuildFile section */
		58370CF3226DB64D00ED30C3 /* AppDelegate.swift in Sources */ = {isa = PBXBuildFile; fileRef = 58370CF2226DB64D00ED30C3 /* AppDelegate.swift */; };
		58370CF5226DB64D00ED30C3 /* ViewController.swift in Sources */ = {isa = PBXBuildFile; fileRef = 58370CF4226DB64D00ED30C3 /* ViewController.swift */; };
		58370CF8226DB64D00ED30C3 /* Main.storyboard in Resources */ = {isa = PBXBuildFile; fileRef = 58370CF6226DB64D00ED30C3 /* Main.storyboard */; };
		58370CFA226DB64F00ED30C3 /* Assets.xcassets in Resources */ = {isa = PBXBuildFile; fileRef = 58370CF9226DB64F00ED30C3 /* Assets.xcassets */; };
		58370CFD226DB64F00ED30C3 /* LaunchScreen.storyboard in Resources */ = {isa = PBXBuildFile; fileRef = 58370CFB226DB64F00ED30C3 /* LaunchScreen.storyboard */; };
		58370D08226DB64F00ED30C3 /* HoopsTests.swift in Sources */ = {isa = PBXBuildFile; fileRef = 58370D07226DB64F00ED30C3 /* HoopsTests.swift */; };
		58370D13226DB64F00ED30C3 /* HoopsUITests.swift in Sources */ = {isa = PBXBuildFile; fileRef = 58370D12226DB64F00ED30C3 /* HoopsUITests.swift */; };
		58370D18226DB64F00ED30C3 /* Hoops WatchKit App.app in Embed Watch Content */ = {isa = PBXBuildFile; fileRef = 58370D17226DB64F00ED30C3 /* Hoops WatchKit App.app */; };
		58370D1E226DB64F00ED30C3 /* Interface.storyboard in Resources */ = {isa = PBXBuildFile; fileRef = 58370D1C226DB64F00ED30C3 /* Interface.storyboard */; };
		58370D20226DB64F00ED30C3 /* Assets.xcassets in Resources */ = {isa = PBXBuildFile; fileRef = 58370D1F226DB64F00ED30C3 /* Assets.xcassets */; };
		58370D27226DB65000ED30C3 /* Hoops WatchKit Extension.appex in Embed App Extensions */ = {isa = PBXBuildFile; fileRef = 58370D26226DB65000ED30C3 /* Hoops WatchKit Extension.appex */; settings = {ATTRIBUTES = (RemoveHeadersOnCopy, ); }; };
		58370D2C226DB65000ED30C3 /* InterfaceController.swift in Sources */ = {isa = PBXBuildFile; fileRef = 58370D2B226DB65000ED30C3 /* InterfaceController.swift */; };
		58370D2E226DB65000ED30C3 /* ExtensionDelegate.swift in Sources */ = {isa = PBXBuildFile; fileRef = 58370D2D226DB65000ED30C3 /* ExtensionDelegate.swift */; };
		58370D30226DB65000ED30C3 /* NotificationController.swift in Sources */ = {isa = PBXBuildFile; fileRef = 58370D2F226DB65000ED30C3 /* NotificationController.swift */; };
		58370D32226DB65000ED30C3 /* ComplicationController.swift in Sources */ = {isa = PBXBuildFile; fileRef = 58370D31226DB65000ED30C3 /* ComplicationController.swift */; };
		58370D34226DB65000ED30C3 /* Assets.xcassets in Resources */ = {isa = PBXBuildFile; fileRef = 58370D33226DB65000ED30C3 /* Assets.xcassets */; };
/* End PBXBuildFile section */

/* Begin PBXContainerItemProxy section */
		58370D04226DB64F00ED30C3 /* PBXContainerItemProxy */ = {
			isa = PBXContainerItemProxy;
			containerPortal = 58370CE7226DB64D00ED30C3 /* Project object */;
			proxyType = 1;
			remoteGlobalIDString = 58370CEE226DB64D00ED30C3;
			remoteInfo = Hoops;
		};
		58370D0F226DB64F00ED30C3 /* PBXContainerItemProxy */ = {
			isa = PBXContainerItemProxy;
			containerPortal = 58370CE7226DB64D00ED30C3 /* Project object */;
			proxyType = 1;
			remoteGlobalIDString = 58370CEE226DB64D00ED30C3;
			remoteInfo = Hoops;
		};
		58370D19226DB64F00ED30C3 /* PBXContainerItemProxy */ = {
			isa = PBXContainerItemProxy;
			containerPortal = 58370CE7226DB64D00ED30C3 /* Project object */;
			proxyType = 1;
			remoteGlobalIDString = 58370D16226DB64F00ED30C3;
			remoteInfo = "Hoops WatchKit App";
		};
		58370D28226DB65000ED30C3 /* PBXContainerItemProxy */ = {
			isa = PBXContainerItemProxy;
			containerPortal = 58370CE7226DB64D00ED30C3 /* Project object */;
			proxyType = 1;
			remoteGlobalIDString = 58370D25226DB65000ED30C3;
			remoteInfo = "Hoops WatchKit Extension";
		};
/* End PBXContainerItemProxy section */

/* Begin PBXCopyFilesBuildPhase section */
		58370D3C226DB65000ED30C3 /* Embed App Extensions */ = {
			isa = PBXCopyFilesBuildPhase;
			buildActionMask = 2147483647;
			dstPath = "";
			dstSubfolderSpec = 13;
			files = (
				58370D27226DB65000ED30C3 /* Hoops WatchKit Extension.appex in Embed App Extensions */,
			);
			name = "Embed App Extensions";
			runOnlyForDeploymentPostprocessing = 0;
		};
		58370D40226DB65000ED30C3 /* Embed Watch Content */ = {
			isa = PBXCopyFilesBuildPhase;
			buildActionMask = 2147483647;
			dstPath = "$(CONTENTS_FOLDER_PATH)/Watch";
			dstSubfolderSpec = 16;
			files = (
				58370D18226DB64F00ED30C3 /* Hoops WatchKit App.app in Embed Watch Content */,
			);
			name = "Embed Watch Content";
			runOnlyForDeploymentPostprocessing = 0;
		};
/* End PBXCopyFilesBuildPhase section */

/* Begin PBXFileReference section */
		58370CEF226DB64D00ED30C3 /* Hoops.app */ = {isa = PBXFileReference; explicitFileType = wrapper.application; includeInIndex = 0; path = Hoops.app; sourceTree = BUILT_PRODUCTS_DIR; };
		58370CF2226DB64D00ED30C3 /* AppDelegate.swift */ = {isa = PBXFileReference; lastKnownFileType = sourcecode.swift; path = AppDelegate.swift; sourceTree = "<group>"; };
		58370CF4226DB64D00ED30C3 /* ViewController.swift */ = {isa = PBXFileReference; lastKnownFileType = sourcecode.swift; path = ViewController.swift; sourceTree = "<group>"; };
		58370CF7226DB64D00ED30C3 /* Base */ = {isa = PBXFileReference; lastKnownFileType = file.storyboard; name = Base; path = Base.lproj/Main.storyboard; sourceTree = "<group>"; };
		58370CF9226DB64F00ED30C3 /* Assets.xcassets */ = {isa = PBXFileReference; lastKnownFileType = folder.assetcatalog; path = Assets.xcassets; sourceTree = "<group>"; };
		58370CFC226DB64F00ED30C3 /* Base */ = {isa = PBXFileReference; lastKnownFileType = file.storyboard; name = Base; path = Base.lproj/LaunchScreen.storyboard; sourceTree = "<group>"; };
		58370CFE226DB64F00ED30C3 /* Info.plist */ = {isa = PBXFileReference; lastKnownFileType = text.plist.xml; path = Info.plist; sourceTree = "<group>"; };
		58370D03226DB64F00ED30C3 /* HoopsTests.xctest */ = {isa = PBXFileReference; explicitFileType = wrapper.cfbundle; includeInIndex = 0; path = HoopsTests.xctest; sourceTree = BUILT_PRODUCTS_DIR; };
		58370D07226DB64F00ED30C3 /* HoopsTests.swift */ = {isa = PBXFileReference; lastKnownFileType = sourcecode.swift; path = HoopsTests.swift; sourceTree = "<group>"; };
		58370D09226DB64F00ED30C3 /* Info.plist */ = {isa = PBXFileReference; lastKnownFileType = text.plist.xml; path = Info.plist; sourceTree = "<group>"; };
		58370D0E226DB64F00ED30C3 /* HoopsUITests.xctest */ = {isa = PBXFileReference; explicitFileType = wrapper.cfbundle; includeInIndex = 0; path = HoopsUITests.xctest; sourceTree = BUILT_PRODUCTS_DIR; };
		58370D12226DB64F00ED30C3 /* HoopsUITests.swift */ = {isa = PBXFileReference; lastKnownFileType = sourcecode.swift; path = HoopsUITests.swift; sourceTree = "<group>"; };
		58370D14226DB64F00ED30C3 /* Info.plist */ = {isa = PBXFileReference; lastKnownFileType = text.plist.xml; path = Info.plist; sourceTree = "<group>"; };
		58370D17226DB64F00ED30C3 /* Hoops WatchKit App.app */ = {isa = PBXFileReference; explicitFileType = wrapper.application; includeInIndex = 0; path = "Hoops WatchKit App.app"; sourceTree = BUILT_PRODUCTS_DIR; };
		58370D1D226DB64F00ED30C3 /* Base */ = {isa = PBXFileReference; lastKnownFileType = file.storyboard; name = Base; path = Base.lproj/Interface.storyboard; sourceTree = "<group>"; };
		58370D1F226DB64F00ED30C3 /* Assets.xcassets */ = {isa = PBXFileReference; lastKnownFileType = folder.assetcatalog; path = Assets.xcassets; sourceTree = "<group>"; };
		58370D21226DB64F00ED30C3 /* Info.plist */ = {isa = PBXFileReference; lastKnownFileType = text.plist.xml; path = Info.plist; sourceTree = "<group>"; };
		58370D26226DB65000ED30C3 /* Hoops WatchKit Extension.appex */ = {isa = PBXFileReference; explicitFileType = "wrapper.app-extension"; includeInIndex = 0; path = "Hoops WatchKit Extension.appex"; sourceTree = BUILT_PRODUCTS_DIR; };
		58370D2B226DB65000ED30C3 /* InterfaceController.swift */ = {isa = PBXFileReference; lastKnownFileType = sourcecode.swift; path = InterfaceController.swift; sourceTree = "<group>"; };
		58370D2D226DB65000ED30C3 /* ExtensionDelegate.swift */ = {isa = PBXFileReference; lastKnownFileType = sourcecode.swift; path = ExtensionDelegate.swift; sourceTree = "<group>"; };
		58370D2F226DB65000ED30C3 /* NotificationController.swift */ = {isa = PBXFileReference; lastKnownFileType = sourcecode.swift; path = NotificationController.swift; sourceTree = "<group>"; };
		58370D31226DB65000ED30C3 /* ComplicationController.swift */ = {isa = PBXFileReference; lastKnownFileType = sourcecode.swift; path = ComplicationController.swift; sourceTree = "<group>"; };
		58370D33226DB65000ED30C3 /* Assets.xcassets */ = {isa = PBXFileReference; lastKnownFileType = folder.assetcatalog; path = Assets.xcassets; sourceTree = "<group>"; };
		58370D35226DB65000ED30C3 /* Info.plist */ = {isa = PBXFileReference; lastKnownFileType = text.plist.xml; path = Info.plist; sourceTree = "<group>"; };
		58370D36226DB65000ED30C3 /* PushNotificationPayload.apns */ = {isa = PBXFileReference; lastKnownFileType = text; path = PushNotificationPayload.apns; sourceTree = "<group>"; };
/* End PBXFileReference section */

/* Begin PBXFrameworksBuildPhase section */
		58370CEC226DB64D00ED30C3 /* Frameworks */ = {
			isa = PBXFrameworksBuildPhase;
			buildActionMask = 2147483647;
			files = (
			);
			runOnlyForDeploymentPostprocessing = 0;
		};
		58370D00226DB64F00ED30C3 /* Frameworks */ = {
			isa = PBXFrameworksBuildPhase;
			buildActionMask = 2147483647;
			files = (
			);
			runOnlyForDeploymentPostprocessing = 0;
		};
		58370D0B226DB64F00ED30C3 /* Frameworks */ = {
			isa = PBXFrameworksBuildPhase;
			buildActionMask = 2147483647;
			files = (
			);
			runOnlyForDeploymentPostprocessing = 0;
		};
		58370D23226DB65000ED30C3 /* Frameworks */ = {
			isa = PBXFrameworksBuildPhase;
			buildActionMask = 2147483647;
			files = (
			);
			runOnlyForDeploymentPostprocessing = 0;
		};
/* End PBXFrameworksBuildPhase section */

/* Begin PBXGroup section */
		58370CE6226DB64D00ED30C3 = {
			isa = PBXGroup;
			children = (
				58370CF1226DB64D00ED30C3 /* Hoops */,
				58370D06226DB64F00ED30C3 /* HoopsTests */,
				58370D11226DB64F00ED30C3 /* HoopsUITests */,
				58370D1B226DB64F00ED30C3 /* Hoops WatchKit App */,
				58370D2A226DB65000ED30C3 /* Hoops WatchKit Extension */,
				58370CF0226DB64D00ED30C3 /* Products */,
			);
			sourceTree = "<group>";
		};
		58370CF0226DB64D00ED30C3 /* Products */ = {
			isa = PBXGroup;
			children = (
				58370CEF226DB64D00ED30C3 /* Hoops.app */,
				58370D03226DB64F00ED30C3 /* HoopsTests.xctest */,
				58370D0E226DB64F00ED30C3 /* HoopsUITests.xctest */,
				58370D17226DB64F00ED30C3 /* Hoops WatchKit App.app */,
				58370D26226DB65000ED30C3 /* Hoops WatchKit Extension.appex */,
			);
			name = Products;
			sourceTree = "<group>";
		};
		58370CF1226DB64D00ED30C3 /* Hoops */ = {
			isa = PBXGroup;
			children = (
				58370CF2226DB64D00ED30C3 /* AppDelegate.swift */,
				58370CF4226DB64D00ED30C3 /* ViewController.swift */,
				58370CF6226DB64D00ED30C3 /* Main.storyboard */,
				58370CF9226DB64F00ED30C3 /* Assets.xcassets */,
				58370CFB226DB64F00ED30C3 /* LaunchScreen.storyboard */,
				58370CFE226DB64F00ED30C3 /* Info.plist */,
			);
			path = Hoops;
			sourceTree = "<group>";
		};
		58370D06226DB64F00ED30C3 /* HoopsTests */ = {
			isa = PBXGroup;
			children = (
				58370D07226DB64F00ED30C3 /* HoopsTests.swift */,
				58370D09226DB64F00ED30C3 /* Info.plist */,
			);
			path = HoopsTests;
			sourceTree = "<group>";
		};
		58370D11226DB64F00ED30C3 /* HoopsUITests */ = {
			isa = PBXGroup;
			children = (
				58370D12226DB64F00ED30C3 /* HoopsUITests.swift */,
				58370D14226DB64F00ED30C3 /* Info.plist */,
			);
			path = HoopsUITests;
			sourceTree = "<group>";
		};
		58370D1B226DB64F00ED30C3 /* Hoops WatchKit App */ = {
			isa = PBXGroup;
			children = (
				58370D1C226DB64F00ED30C3 /* Interface.storyboard */,
				58370D1F226DB64F00ED30C3 /* Assets.xcassets */,
				58370D21226DB64F00ED30C3 /* Info.plist */,
			);
			path = "Hoops WatchKit App";
			sourceTree = "<group>";
		};
		58370D2A226DB65000ED30C3 /* Hoops WatchKit Extension */ = {
			isa = PBXGroup;
			children = (
				58370D2B226DB65000ED30C3 /* InterfaceController.swift */,
				58370D2D226DB65000ED30C3 /* ExtensionDelegate.swift */,
				58370D2F226DB65000ED30C3 /* NotificationController.swift */,
				58370D31226DB65000ED30C3 /* ComplicationController.swift */,
				58370D33226DB65000ED30C3 /* Assets.xcassets */,
				58370D35226DB65000ED30C3 /* Info.plist */,
				58370D36226DB65000ED30C3 /* PushNotificationPayload.apns */,
			);
			path = "Hoops WatchKit Extension";
			sourceTree = "<group>";
		};
/* End PBXGroup section */

/* Begin PBXNativeTarget section */
		58370CEE226DB64D00ED30C3 /* Hoops */ = {
			isa = PBXNativeTarget;
			buildConfigurationList = 58370D41226DB65000ED30C3 /* Build configuration list for PBXNativeTarget "Hoops" */;
			buildPhases = (
				58370CEB226DB64D00ED30C3 /* Sources */,
				58370CEC226DB64D00ED30C3 /* Frameworks */,
				58370CED226DB64D00ED30C3 /* Resources */,
				58370D40226DB65000ED30C3 /* Embed Watch Content */,
			);
			buildRules = (
			);
			dependencies = (
				58370D1A226DB64F00ED30C3 /* PBXTargetDependency */,
			);
			name = Hoops;
			productName = Hoops;
			productReference = 58370CEF226DB64D00ED30C3 /* Hoops.app */;
			productType = "com.apple.product-type.application";
		};
		58370D02226DB64F00ED30C3 /* HoopsTests */ = {
			isa = PBXNativeTarget;
			buildConfigurationList = 58370D44226DB65000ED30C3 /* Build configuration list for PBXNativeTarget "HoopsTests" */;
			buildPhases = (
				58370CFF226DB64F00ED30C3 /* Sources */,
				58370D00226DB64F00ED30C3 /* Frameworks */,
				58370D01226DB64F00ED30C3 /* Resources */,
			);
			buildRules = (
			);
			dependencies = (
				58370D05226DB64F00ED30C3 /* PBXTargetDependency */,
			);
			name = HoopsTests;
			productName = HoopsTests;
			productReference = 58370D03226DB64F00ED30C3 /* HoopsTests.xctest */;
			productType = "com.apple.product-type.bundle.unit-test";
		};
		58370D0D226DB64F00ED30C3 /* HoopsUITests */ = {
			isa = PBXNativeTarget;
			buildConfigurationList = 58370D47226DB65000ED30C3 /* Build configuration list for PBXNativeTarget "HoopsUITests" */;
			buildPhases = (
				58370D0A226DB64F00ED30C3 /* Sources */,
				58370D0B226DB64F00ED30C3 /* Frameworks */,
				58370D0C226DB64F00ED30C3 /* Resources */,
			);
			buildRules = (
			);
			dependencies = (
				58370D10226DB64F00ED30C3 /* PBXTargetDependency */,
			);
			name = HoopsUITests;
			productName = HoopsUITests;
			productReference = 58370D0E226DB64F00ED30C3 /* HoopsUITests.xctest */;
			productType = "com.apple.product-type.bundle.ui-testing";
		};
		58370D16226DB64F00ED30C3 /* Hoops WatchKit App */ = {
			isa = PBXNativeTarget;
			buildConfigurationList = 58370D3D226DB65000ED30C3 /* Build configuration list for PBXNativeTarget "Hoops WatchKit App" */;
			buildPhases = (
				58370D15226DB64F00ED30C3 /* Resources */,
				58370D3C226DB65000ED30C3 /* Embed App Extensions */,
			);
			buildRules = (
			);
			dependencies = (
				58370D29226DB65000ED30C3 /* PBXTargetDependency */,
			);
			name = "Hoops WatchKit App";
			productName = "Hoops WatchKit App";
			productReference = 58370D17226DB64F00ED30C3 /* Hoops WatchKit App.app */;
			productType = "com.apple.product-type.application.watchapp2";
		};
		58370D25226DB65000ED30C3 /* Hoops WatchKit Extension */ = {
			isa = PBXNativeTarget;
			buildConfigurationList = 58370D39226DB65000ED30C3 /* Build configuration list for PBXNativeTarget "Hoops WatchKit Extension" */;
			buildPhases = (
				58370D22226DB65000ED30C3 /* Sources */,
				58370D23226DB65000ED30C3 /* Frameworks */,
				58370D24226DB65000ED30C3 /* Resources */,
			);
			buildRules = (
			);
			dependencies = (
			);
			name = "Hoops WatchKit Extension";
			productName = "Hoops WatchKit Extension";
			productReference = 58370D26226DB65000ED30C3 /* Hoops WatchKit Extension.appex */;
			productType = "com.apple.product-type.watchkit2-extension";
		};
/* End PBXNativeTarget section */

/* Begin PBXProject section */
		58370CE7226DB64D00ED30C3 /* Project object */ = {
			isa = PBXProject;
			attributes = {
				LastSwiftUpdateCheck = 1020;
				LastUpgradeCheck = 1020;
				ORGANIZATIONNAME = "Andy French";
				TargetAttributes = {
					58370CEE226DB64D00ED30C3 = {
						CreatedOnToolsVersion = 10.2;
					};
					58370D02226DB64F00ED30C3 = {
						CreatedOnToolsVersion = 10.2;
						TestTargetID = 58370CEE226DB64D00ED30C3;
					};
					58370D0D226DB64F00ED30C3 = {
						CreatedOnToolsVersion = 10.2;
						TestTargetID = 58370CEE226DB64D00ED30C3;
					};
					58370D16226DB64F00ED30C3 = {
						CreatedOnToolsVersion = 10.2;
					};
					58370D25226DB65000ED30C3 = {
						CreatedOnToolsVersion = 10.2;
					};
				};
			};
			buildConfigurationList = 58370CEA226DB64D00ED30C3 /* Build configuration list for PBXProject "Hoops" */;
			compatibilityVersion = "Xcode 9.3";
			developmentRegion = en;
			hasScannedForEncodings = 0;
			knownRegions = (
				en,
				Base,
			);
			mainGroup = 58370CE6226DB64D00ED30C3;
			productRefGroup = 58370CF0226DB64D00ED30C3 /* Products */;
			projectDirPath = "";
			projectRoot = "";
			targets = (
				58370CEE226DB64D00ED30C3 /* Hoops */,
				58370D02226DB64F00ED30C3 /* HoopsTests */,
				58370D0D226DB64F00ED30C3 /* HoopsUITests */,
				58370D16226DB64F00ED30C3 /* Hoops WatchKit App */,
				58370D25226DB65000ED30C3 /* Hoops WatchKit Extension */,
			);
		};
/* End PBXProject section */

/* Begin PBXResourcesBuildPhase section */
		58370CED226DB64D00ED30C3 /* Resources */ = {
			isa = PBXResourcesBuildPhase;
			buildActionMask = 2147483647;
			files = (
				58370CFD226DB64F00ED30C3 /* LaunchScreen.storyboard in Resources */,
				58370CFA226DB64F00ED30C3 /* Assets.xcassets in Resources */,
				58370CF8226DB64D00ED30C3 /* Main.storyboard in Resources */,
			);
			runOnlyForDeploymentPostprocessing = 0;
		};
		58370D01226DB64F00ED30C3 /* Resources */ = {
			isa = PBXResourcesBuildPhase;
			buildActionMask = 2147483647;
			files = (
			);
			runOnlyForDeploymentPostprocessing = 0;
		};
		58370D0C226DB64F00ED30C3 /* Resources */ = {
			isa = PBXResourcesBuildPhase;
			buildActionMask = 2147483647;
			files = (
			);
			runOnlyForDeploymentPostprocessing = 0;
		};
		58370D15226DB64F00ED30C3 /* Resources */ = {
			isa = PBXResourcesBuildPhase;
			buildActionMask = 2147483647;
			files = (
				58370D20226DB64F00ED30C3 /* Assets.xcassets in Resources */,
				58370D1E226DB64F00ED30C3 /* Interface.storyboard in Resources */,
			);
			runOnlyForDeploymentPostprocessing = 0;
		};
		58370D24226DB65000ED30C3 /* Resources */ = {
			isa = PBXResourcesBuildPhase;
			buildActionMask = 2147483647;
			files = (
				58370D34226DB65000ED30C3 /* Assets.xcassets in Resources */,
			);
			runOnlyForDeploymentPostprocessing = 0;
		};
/* End PBXResourcesBuildPhase section */

/* Begin PBXSourcesBuildPhase section */
		58370CEB226DB64D00ED30C3 /* Sources */ = {
			isa = PBXSourcesBuildPhase;
			buildActionMask = 2147483647;
			files = (
				58370CF5226DB64D00ED30C3 /* ViewController.swift in Sources */,
				58370CF3226DB64D00ED30C3 /* AppDelegate.swift in Sources */,
			);
			runOnlyForDeploymentPostprocessing = 0;
		};
		58370CFF226DB64F00ED30C3 /* Sources */ = {
			isa = PBXSourcesBuildPhase;
			buildActionMask = 2147483647;
			files = (
				58370D08226DB64F00ED30C3 /* HoopsTests.swift in Sources */,
			);
			runOnlyForDeploymentPostprocessing = 0;
		};
		58370D0A226DB64F00ED30C3 /* Sources */ = {
			isa = PBXSourcesBuildPhase;
			buildActionMask = 2147483647;
			files = (
				58370D13226DB64F00ED30C3 /* HoopsUITests.swift in Sources */,
			);
			runOnlyForDeploymentPostprocessing = 0;
		};
		58370D22226DB65000ED30C3 /* Sources */ = {
			isa = PBXSourcesBuildPhase;
			buildActionMask = 2147483647;
			files = (
				58370D30226DB65000ED30C3 /* NotificationController.swift in Sources */,
				58370D32226DB65000ED30C3 /* ComplicationController.swift in Sources */,
				58370D2E226DB65000ED30C3 /* ExtensionDelegate.swift in Sources */,
				58370D2C226DB65000ED30C3 /* InterfaceController.swift in Sources */,
			);
			runOnlyForDeploymentPostprocessing = 0;
		};
/* End PBXSourcesBuildPhase section */

/* Begin PBXTargetDependency section */
		58370D05226DB64F00ED30C3 /* PBXTargetDependency */ = {
			isa = PBXTargetDependency;
			target = 58370CEE226DB64D00ED30C3 /* Hoops */;
			targetProxy = 58370D04226DB64F00ED30C3 /* PBXContainerItemProxy */;
		};
		58370D10226DB64F00ED30C3 /* PBXTargetDependency */ = {
			isa = PBXTargetDependency;
			target = 58370CEE226DB64D00ED30C3 /* Hoops */;
			targetProxy = 58370D0F226DB64F00ED30C3 /* PBXContainerItemProxy */;
		};
		58370D1A226DB64F00ED30C3 /* PBXTargetDependency */ = {
			isa = PBXTargetDependency;
			target = 58370D16226DB64F00ED30C3 /* Hoops WatchKit App */;
			targetProxy = 58370D19226DB64F00ED30C3 /* PBXContainerItemProxy */;
		};
		58370D29226DB65000ED30C3 /* PBXTargetDependency */ = {
			isa = PBXTargetDependency;
			target = 58370D25226DB65000ED30C3 /* Hoops WatchKit Extension */;
			targetProxy = 58370D28226DB65000ED30C3 /* PBXContainerItemProxy */;
		};
/* End PBXTargetDependency section */

/* Begin PBXVariantGroup section */
		58370CF6226DB64D00ED30C3 /* Main.storyboard */ = {
			isa = PBXVariantGroup;
			children = (
				58370CF7226DB64D00ED30C3 /* Base */,
			);
			name = Main.storyboard;
			sourceTree = "<group>";
		};
		58370CFB226DB64F00ED30C3 /* LaunchScreen.storyboard */ = {
			isa = PBXVariantGroup;
			children = (
				58370CFC226DB64F00ED30C3 /* Base */,
			);
			name = LaunchScreen.storyboard;
			sourceTree = "<group>";
		};
		58370D1C226DB64F00ED30C3 /* Interface.storyboard */ = {
			isa = PBXVariantGroup;
			children = (
				58370D1D226DB64F00ED30C3 /* Base */,
			);
			name = Interface.storyboard;
			sourceTree = "<group>";
		};
/* End PBXVariantGroup section */

/* Begin XCBuildConfiguration section */
		58370D37226DB65000ED30C3 /* Debug */ = {
			isa = XCBuildConfiguration;
			buildSettings = {
				ALWAYS_SEARCH_USER_PATHS = NO;
				CLANG_ANALYZER_NONNULL = YES;
				CLANG_ANALYZER_NUMBER_OBJECT_CONVERSION = YES_AGGRESSIVE;
				CLANG_CXX_LANGUAGE_STANDARD = "gnu++14";
				CLANG_CXX_LIBRARY = "libc++";
				CLANG_ENABLE_MODULES = YES;
				CLANG_ENABLE_OBJC_ARC = YES;
				CLANG_ENABLE_OBJC_WEAK = YES;
				CLANG_WARN_BLOCK_CAPTURE_AUTORELEASING = YES;
				CLANG_WARN_BOOL_CONVERSION = YES;
				CLANG_WARN_COMMA = YES;
				CLANG_WARN_CONSTANT_CONVERSION = YES;
				CLANG_WARN_DEPRECATED_OBJC_IMPLEMENTATIONS = YES;
				CLANG_WARN_DIRECT_OBJC_ISA_USAGE = YES_ERROR;
				CLANG_WARN_DOCUMENTATION_COMMENTS = YES;
				CLANG_WARN_EMPTY_BODY = YES;
				CLANG_WARN_ENUM_CONVERSION = YES;
				CLANG_WARN_INFINITE_RECURSION = YES;
				CLANG_WARN_INT_CONVERSION = YES;
				CLANG_WARN_NON_LITERAL_NULL_CONVERSION = YES;
				CLANG_WARN_OBJC_IMPLICIT_RETAIN_SELF = YES;
				CLANG_WARN_OBJC_LITERAL_CONVERSION = YES;
				CLANG_WARN_OBJC_ROOT_CLASS = YES_ERROR;
				CLANG_WARN_RANGE_LOOP_ANALYSIS = YES;
				CLANG_WARN_STRICT_PROTOTYPES = YES;
				CLANG_WARN_SUSPICIOUS_MOVE = YES;
				CLANG_WARN_UNGUARDED_AVAILABILITY = YES_AGGRESSIVE;
				CLANG_WARN_UNREACHABLE_CODE = YES;
				CLANG_WARN__DUPLICATE_METHOD_MATCH = YES;
				CODE_SIGN_IDENTITY = "iPhone Developer";
				COPY_PHASE_STRIP = NO;
				DEBUG_INFORMATION_FORMAT = dwarf;
				ENABLE_STRICT_OBJC_MSGSEND = YES;
				ENABLE_TESTABILITY = YES;
				GCC_C_LANGUAGE_STANDARD = gnu11;
				GCC_DYNAMIC_NO_PIC = NO;
				GCC_NO_COMMON_BLOCKS = YES;
				GCC_OPTIMIZATION_LEVEL = 0;
				GCC_PREPROCESSOR_DEFINITIONS = (
					"DEBUG=1",
					"$(inherited)",
				);
				GCC_WARN_64_TO_32_BIT_CONVERSION = YES;
				GCC_WARN_ABOUT_RETURN_TYPE = YES_ERROR;
				GCC_WARN_UNDECLARED_SELECTOR = YES;
				GCC_WARN_UNINITIALIZED_AUTOS = YES_AGGRESSIVE;
				GCC_WARN_UNUSED_FUNCTION = YES;
				GCC_WARN_UNUSED_VARIABLE = YES;
				IPHONEOS_DEPLOYMENT_TARGET = 12.2;
				MTL_ENABLE_DEBUG_INFO = INCLUDE_SOURCE;
				MTL_FAST_MATH = YES;
				ONLY_ACTIVE_ARCH = YES;
				SDKROOT = iphoneos;
				SWIFT_ACTIVE_COMPILATION_CONDITIONS = DEBUG;
				SWIFT_OPTIMIZATION_LEVEL = "-Onone";
			};
			name = Debug;
		};
		58370D38226DB65000ED30C3 /* Release */ = {
			isa = XCBuildConfiguration;
			buildSettings = {
				ALWAYS_SEARCH_USER_PATHS = NO;
				CLANG_ANALYZER_NONNULL = YES;
				CLANG_ANALYZER_NUMBER_OBJECT_CONVERSION = YES_AGGRESSIVE;
				CLANG_CXX_LANGUAGE_STANDARD = "gnu++14";
				CLANG_CXX_LIBRARY = "libc++";
				CLANG_ENABLE_MODULES = YES;
				CLANG_ENABLE_OBJC_ARC = YES;
				CLANG_ENABLE_OBJC_WEAK = YES;
				CLANG_WARN_BLOCK_CAPTURE_AUTORELEASING = YES;
				CLANG_WARN_BOOL_CONVERSION = YES;
				CLANG_WARN_COMMA = YES;
				CLANG_WARN_CONSTANT_CONVERSION = YES;
				CLANG_WARN_DEPRECATED_OBJC_IMPLEMENTATIONS = YES;
				CLANG_WARN_DIRECT_OBJC_ISA_USAGE = YES_ERROR;
				CLANG_WARN_DOCUMENTATION_COMMENTS = YES;
				CLANG_WARN_EMPTY_BODY = YES;
				CLANG_WARN_ENUM_CONVERSION = YES;
				CLANG_WARN_INFINITE_RECURSION = YES;
				CLANG_WARN_INT_CONVERSION = YES;
				CLANG_WARN_NON_LITERAL_NULL_CONVERSION = YES;
				CLANG_WARN_OBJC_IMPLICIT_RETAIN_SELF = YES;
				CLANG_WARN_OBJC_LITERAL_CONVERSION = YES;
				CLANG_WARN_OBJC_ROOT_CLASS = YES_ERROR;
				CLANG_WARN_RANGE_LOOP_ANALYSIS = YES;
				CLANG_WARN_STRICT_PROTOTYPES = YES;
				CLANG_WARN_SUSPICIOUS_MOVE = YES;
				CLANG_WARN_UNGUARDED_AVAILABILITY = YES_AGGRESSIVE;
				CLANG_WARN_UNREACHABLE_CODE = YES;
				CLANG_WARN__DUPLICATE_METHOD_MATCH = YES;
				CODE_SIGN_IDENTITY = "iPhone Developer";
				COPY_PHASE_STRIP = NO;
				DEBUG_INFORMATION_FORMAT = "dwarf-with-dsym";
				ENABLE_NS_ASSERTIONS = NO;
				ENABLE_STRICT_OBJC_MSGSEND = YES;
				GCC_C_LANGUAGE_STANDARD = gnu11;
				GCC_NO_COMMON_BLOCKS = YES;
				GCC_WARN_64_TO_32_BIT_CONVERSION = YES;
				GCC_WARN_ABOUT_RETURN_TYPE = YES_ERROR;
				GCC_WARN_UNDECLARED_SELECTOR = YES;
				GCC_WARN_UNINITIALIZED_AUTOS = YES_AGGRESSIVE;
				GCC_WARN_UNUSED_FUNCTION = YES;
				GCC_WARN_UNUSED_VARIABLE = YES;
				IPHONEOS_DEPLOYMENT_TARGET = 12.2;
				MTL_ENABLE_DEBUG_INFO = NO;
				MTL_FAST_MATH = YES;
				SDKROOT = iphoneos;
				SWIFT_COMPILATION_MODE = wholemodule;
				SWIFT_OPTIMIZATION_LEVEL = "-O";
				VALIDATE_PRODUCT = YES;
			};
			name = Release;
		};
		58370D3A226DB65000ED30C3 /* Debug */ = {
			isa = XCBuildConfiguration;
			buildSettings = {
				ASSETCATALOG_COMPILER_COMPLICATION_NAME = Complication;
				CODE_SIGN_STYLE = Automatic;
				DEVELOPMENT_TEAM = T45FMQN3A6;
				INFOPLIST_FILE = "Hoops WatchKit Extension/Info.plist";
				LD_RUNPATH_SEARCH_PATHS = (
					"$(inherited)",
					"@executable_path/Frameworks",
					"@executable_path/../../Frameworks",
				);
				PRODUCT_BUNDLE_IDENTIFIER = com.Afren.Hoops.watchkitapp.watchkitextension;
				PRODUCT_NAME = "${TARGET_NAME}";
				SDKROOT = watchos;
				SKIP_INSTALL = YES;
				SWIFT_VERSION = 5.0;
				TARGETED_DEVICE_FAMILY = 4;
				WATCHOS_DEPLOYMENT_TARGET = 5.2;
			};
			name = Debug;
		};
		58370D3B226DB65000ED30C3 /* Release */ = {
			isa = XCBuildConfiguration;
			buildSettings = {
				ASSETCATALOG_COMPILER_COMPLICATION_NAME = Complication;
				CODE_SIGN_STYLE = Automatic;
				DEVELOPMENT_TEAM = T45FMQN3A6;
				INFOPLIST_FILE = "Hoops WatchKit Extension/Info.plist";
				LD_RUNPATH_SEARCH_PATHS = (
					"$(inherited)",
					"@executable_path/Frameworks",
					"@executable_path/../../Frameworks",
				);
				PRODUCT_BUNDLE_IDENTIFIER = com.Afren.Hoops.watchkitapp.watchkitextension;
				PRODUCT_NAME = "${TARGET_NAME}";
				SDKROOT = watchos;
				SKIP_INSTALL = YES;
				SWIFT_VERSION = 5.0;
				TARGETED_DEVICE_FAMILY = 4;
				WATCHOS_DEPLOYMENT_TARGET = 5.2;
			};
			name = Release;
		};
		58370D3E226DB65000ED30C3 /* Debug */ = {
			isa = XCBuildConfiguration;
			buildSettings = {
				ALWAYS_EMBED_SWIFT_STANDARD_LIBRARIES = YES;
				ASSETCATALOG_COMPILER_APPICON_NAME = AppIcon;
				CODE_SIGN_STYLE = Automatic;
				DEVELOPMENT_TEAM = T45FMQN3A6;
				IBSC_MODULE = Hoops_WatchKit_Extension;
				INFOPLIST_FILE = "Hoops WatchKit App/Info.plist";
				PRODUCT_BUNDLE_IDENTIFIER = com.Afren.Hoops.watchkitapp;
				PRODUCT_NAME = "$(TARGET_NAME)";
				SDKROOT = watchos;
				SKIP_INSTALL = YES;
				SWIFT_VERSION = 5.0;
				TARGETED_DEVICE_FAMILY = 4;
				WATCHOS_DEPLOYMENT_TARGET = 5.2;
			};
			name = Debug;
		};
		58370D3F226DB65000ED30C3 /* Release */ = {
			isa = XCBuildConfiguration;
			buildSettings = {
				ALWAYS_EMBED_SWIFT_STANDARD_LIBRARIES = YES;
				ASSETCATALOG_COMPILER_APPICON_NAME = AppIcon;
				CODE_SIGN_STYLE = Automatic;
				DEVELOPMENT_TEAM = T45FMQN3A6;
				IBSC_MODULE = Hoops_WatchKit_Extension;
				INFOPLIST_FILE = "Hoops WatchKit App/Info.plist";
				PRODUCT_BUNDLE_IDENTIFIER = com.Afren.Hoops.watchkitapp;
				PRODUCT_NAME = "$(TARGET_NAME)";
				SDKROOT = watchos;
				SKIP_INSTALL = YES;
				SWIFT_VERSION = 5.0;
				TARGETED_DEVICE_FAMILY = 4;
				WATCHOS_DEPLOYMENT_TARGET = 5.2;
			};
			name = Release;
		};
		58370D42226DB65000ED30C3 /* Debug */ = {
			isa = XCBuildConfiguration;
			buildSettings = {
				ASSETCATALOG_COMPILER_APPICON_NAME = AppIcon;
				CODE_SIGN_STYLE = Automatic;
				DEVELOPMENT_TEAM = T45FMQN3A6;
				INFOPLIST_FILE = Hoops/Info.plist;
				LD_RUNPATH_SEARCH_PATHS = (
					"$(inherited)",
					"@executable_path/Frameworks",
				);
				PRODUCT_BUNDLE_IDENTIFIER = com.Afren.Hoops;
				PRODUCT_NAME = "$(TARGET_NAME)";
				SWIFT_VERSION = 5.0;
				TARGETED_DEVICE_FAMILY = "1,2";
			};
			name = Debug;
		};
		58370D43226DB65000ED30C3 /* Release */ = {
			isa = XCBuildConfiguration;
			buildSettings = {
				ASSETCATALOG_COMPILER_APPICON_NAME = AppIcon;
				CODE_SIGN_STYLE = Automatic;
				DEVELOPMENT_TEAM = T45FMQN3A6;
				INFOPLIST_FILE = Hoops/Info.plist;
				LD_RUNPATH_SEARCH_PATHS = (
					"$(inherited)",
					"@executable_path/Frameworks",
				);
				PRODUCT_BUNDLE_IDENTIFIER = com.Afren.Hoops;
				PRODUCT_NAME = "$(TARGET_NAME)";
				SWIFT_VERSION = 5.0;
				TARGETED_DEVICE_FAMILY = "1,2";
			};
			name = Release;
		};
		58370D45226DB65000ED30C3 /* Debug */ = {
			isa = XCBuildConfiguration;
			buildSettings = {
				ALWAYS_EMBED_SWIFT_STANDARD_LIBRARIES = YES;
				BUNDLE_LOADER = "$(TEST_HOST)";
				CODE_SIGN_STYLE = Automatic;
				DEVELOPMENT_TEAM = T45FMQN3A6;
				INFOPLIST_FILE = HoopsTests/Info.plist;
				LD_RUNPATH_SEARCH_PATHS = (
					"$(inherited)",
					"@executable_path/Frameworks",
					"@loader_path/Frameworks",
				);
				PRODUCT_BUNDLE_IDENTIFIER = com.Afren.HoopsTests;
				PRODUCT_NAME = "$(TARGET_NAME)";
				SWIFT_VERSION = 5.0;
				TARGETED_DEVICE_FAMILY = "1,2";
				TEST_HOST = "$(BUILT_PRODUCTS_DIR)/Hoops.app/Hoops";
			};
			name = Debug;
		};
		58370D46226DB65000ED30C3 /* Release */ = {
			isa = XCBuildConfiguration;
			buildSettings = {
				ALWAYS_EMBED_SWIFT_STANDARD_LIBRARIES = YES;
				BUNDLE_LOADER = "$(TEST_HOST)";
				CODE_SIGN_STYLE = Automatic;
				DEVELOPMENT_TEAM = T45FMQN3A6;
				INFOPLIST_FILE = HoopsTests/Info.plist;
				LD_RUNPATH_SEARCH_PATHS = (
					"$(inherited)",
					"@executable_path/Frameworks",
					"@loader_path/Frameworks",
				);
				PRODUCT_BUNDLE_IDENTIFIER = com.Afren.HoopsTests;
				PRODUCT_NAME = "$(TARGET_NAME)";
				SWIFT_VERSION = 5.0;
				TARGETED_DEVICE_FAMILY = "1,2";
				TEST_HOST = "$(BUILT_PRODUCTS_DIR)/Hoops.app/Hoops";
			};
			name = Release;
		};
		58370D48226DB65000ED30C3 /* Debug */ = {
			isa = XCBuildConfiguration;
			buildSettings = {
				ALWAYS_EMBED_SWIFT_STANDARD_LIBRARIES = YES;
				CODE_SIGN_STYLE = Automatic;
				DEVELOPMENT_TEAM = T45FMQN3A6;
				INFOPLIST_FILE = HoopsUITests/Info.plist;
				LD_RUNPATH_SEARCH_PATHS = (
					"$(inherited)",
					"@executable_path/Frameworks",
					"@loader_path/Frameworks",
				);
				PRODUCT_BUNDLE_IDENTIFIER = com.Afren.HoopsUITests;
				PRODUCT_NAME = "$(TARGET_NAME)";
				SWIFT_VERSION = 5.0;
				TARGETED_DEVICE_FAMILY = "1,2";
				TEST_TARGET_NAME = Hoops;
			};
			name = Debug;
		};
		58370D49226DB65000ED30C3 /* Release */ = {
			isa = XCBuildConfiguration;
			buildSettings = {
				ALWAYS_EMBED_SWIFT_STANDARD_LIBRARIES = YES;
				CODE_SIGN_STYLE = Automatic;
				DEVELOPMENT_TEAM = T45FMQN3A6;
				INFOPLIST_FILE = HoopsUITests/Info.plist;
				LD_RUNPATH_SEARCH_PATHS = (
					"$(inherited)",
					"@executable_path/Frameworks",
					"@loader_path/Frameworks",
				);
				PRODUCT_BUNDLE_IDENTIFIER = com.Afren.HoopsUITests;
				PRODUCT_NAME = "$(TARGET_NAME)";
				SWIFT_VERSION = 5.0;
				TARGETED_DEVICE_FAMILY = "1,2";
				TEST_TARGET_NAME = Hoops;
			};
			name = Release;
		};
/* End XCBuildConfiguration section */

/* Begin XCConfigurationList section */
		58370CEA226DB64D00ED30C3 /* Build configuration list for PBXProject "Hoops" */ = {
			isa = XCConfigurationList;
			buildConfigurations = (
				58370D37226DB65000ED30C3 /* Debug */,
				58370D38226DB65000ED30C3 /* Release */,
			);
			defaultConfigurationIsVisible = 0;
			defaultConfigurationName = Release;
		};
		58370D39226DB65000ED30C3 /* Build configuration list for PBXNativeTarget "Hoops WatchKit Extension" */ = {
			isa = XCConfigurationList;
			buildConfigurations = (
				58370D3A226DB65000ED30C3 /* Debug */,
				58370D3B226DB65000ED30C3 /* Release */,
			);
			defaultConfigurationIsVisible = 0;
			defaultConfigurationName = Release;
		};
		58370D3D226DB65000ED30C3 /* Build configuration list for PBXNativeTarget "Hoops WatchKit App" */ = {
			isa = XCConfigurationList;
			buildConfigurations = (
				58370D3E226DB65000ED30C3 /* Debug */,
				58370D3F226DB65000ED30C3 /* Release */,
			);
			defaultConfigurationIsVisible = 0;
			defaultConfigurationName = Release;
		};
		58370D41226DB65000ED30C3 /* Build configuration list for PBXNativeTarget "Hoops" */ = {
			isa = XCConfigurationList;
			buildConfigurations = (
				58370D42226DB65000ED30C3 /* Debug */,
				58370D43226DB65000ED30C3 /* Release */,
			);
			defaultConfigurationIsVisible = 0;
			defaultConfigurationName = Release;
		};
		58370D44226DB65000ED30C3 /* Build configuration list for PBXNativeTarget "HoopsTests" */ = {
			isa = XCConfigurationList;
			buildConfigurations = (
				58370D45226DB65000ED30C3 /* Debug */,
				58370D46226DB65000ED30C3 /* Release */,
			);
			defaultConfigurationIsVisible = 0;
			defaultConfigurationName = Release;
		};
		58370D47226DB65000ED30C3 /* Build configuration list for PBXNativeTarget "HoopsUITests" */ = {
			isa = XCConfigurationList;
			buildConfigurations = (
				58370D48226DB65000ED30C3 /* Debug */,
				58370D49226DB65000ED30C3 /* Release */,
			);
			defaultConfigurationIsVisible = 0;
			defaultConfigurationName = Release;
		};
/* End XCConfigurationList section */
	};
	rootObject = 58370CE7226DB64D00ED30C3 /* Project object */;
}
